
Microsoft Visual Studio Solution File, Format Version 12.00
# Visual Studio Version 17
VisualStudioVersion = 17.8.34330.188
MinimumVisualStudioVersion = 10.0.40219.1
Project("{FAE04EC0-301F-11D3-BF4B-00C04F79EFBC}") = "Find", "Find\Find.csproj", "{B7AC9747-ACC3-46E6-B15E-867D47985669}"
EndProject
Global
	GlobalSection(SolutionConfigurationPlatforms) = preSolution
		Debug|Any CPU = Debug|Any CPU
		Release|Any CPU = Release|Any CPU
	EndGlobalSection
	GlobalSection(ProjectConfigurationPlatforms) = postSolution
		{B7AC9747-ACC3-46E6-B15E-867D47985669}.Debug|Any CPU.ActiveCfg = Debug|Any CPU
		{B7AC9747-ACC3-46E6-B15E-867D47985669}.Debug|Any CPU.Build.0 = Debug|Any CPU
		{B7AC9747-ACC3-46E6-B15E-867D47985669}.Release|Any CPU.ActiveCfg = Release|Any CPU
		{B7AC9747-ACC3-46E6-B15E-867D47985669}.Release|Any CPU.Build.0 = Release|Any CPU
	EndGlobalSection
	GlobalSection(SolutionProperties) = preSolution
		HideSolutionNode = FALSE
	EndGlobalSection
	GlobalSection(ExtensibilityGlobals) = postSolution
		SolutionGuid = {E6024C23-D669-4741-8373-54AF2D46911F}
	EndGlobalSection
EndGlobal
